
Microsoft Visual Studio Solution File, Format Version 12.00
# Visual Studio 2013
VisualStudioVersion = 12.0.31101.0
MinimumVisualStudioVersion = 10.0.40219.1
Project("{FAE04EC0-301F-11D3-BF4B-00C04F79EFBC}") = "ConsoleApp", "ConsoleApp\ConsoleApp.csproj", "{2E6AFD00-26DE-4CF4-8C66-563A4AAF703B}"
EndProject
Project("{FAE04EC0-301F-11D3-BF4B-00C04F79EFBC}") = "MvcApp", "MvcApp\MvcApp.csproj", "{AB10FABE-EACC-475A-9299-796E28F59CBA}"
EndProject
Project("{FAE04EC0-301F-11D3-BF4B-00C04F79EFBC}") = "WebApp", "WebApp\WebApp.csproj", "{966E934B-92FF-4D83-A73F-2D05651C9CFC}"
EndProject
Project("{FAE04EC0-301F-11D3-BF4B-00C04F79EFBC}") = "WinApp", "WinApp\WinApp.csproj", "{59B80765-A039-43A3-8ED2-305B0DECD09C}"
EndProject
Global
	GlobalSection(SolutionConfigurationPlatforms) = preSolution
		Debug|Android = Debug|Android
		Debug|Any CPU = Debug|Any CPU
		Debug|iOS = Debug|iOS
		Debug|Mixed Platforms = Debug|Mixed Platforms
		Debug|Windows Phone (Universal) = Debug|Windows Phone (Universal)
		Debug|Windows Phone 8 = Debug|Windows Phone 8
		Debug|Windows-AnyCPU = Debug|Windows-AnyCPU
		Debug|Windows-ARM = Debug|Windows-ARM
		Debug|Windows-x64 = Debug|Windows-x64
		Debug|Windows-x86 = Debug|Windows-x86
		Distribution|Android = Distribution|Android
		Distribution|Any CPU = Distribution|Any CPU
		Distribution|iOS = Distribution|iOS
		Distribution|Mixed Platforms = Distribution|Mixed Platforms
		Distribution|Windows Phone (Universal) = Distribution|Windows Phone (Universal)
		Distribution|Windows Phone 8 = Distribution|Windows Phone 8
		Distribution|Windows-AnyCPU = Distribution|Windows-AnyCPU
		Distribution|Windows-ARM = Distribution|Windows-ARM
		Distribution|Windows-x64 = Distribution|Windows-x64
		Distribution|Windows-x86 = Distribution|Windows-x86
		Release|Android = Release|Android
		Release|Any CPU = Release|Any CPU
		Release|iOS = Release|iOS
		Release|Mixed Platforms = Release|Mixed Platforms
		Release|Windows Phone (Universal) = Release|Windows Phone (Universal)
		Release|Windows Phone 8 = Release|Windows Phone 8
		Release|Windows-AnyCPU = Release|Windows-AnyCPU
		Release|Windows-ARM = Release|Windows-ARM
		Release|Windows-x64 = Release|Windows-x64
		Release|Windows-x86 = Release|Windows-x86
	EndGlobalSection
	GlobalSection(ProjectConfigurationPlatforms) = postSolution
		{2E6AFD00-26DE-4CF4-8C66-563A4AAF703B}.Debug|Android.ActiveCfg = Debug|Any CPU
		{2E6AFD00-26DE-4CF4-8C66-563A4AAF703B}.Debug|Any CPU.ActiveCfg = Debug|Any CPU
		{2E6AFD00-26DE-4CF4-8C66-563A4AAF703B}.Debug|Any CPU.Build.0 = Debug|Any CPU
		{2E6AFD00-26DE-4CF4-8C66-563A4AAF703B}.Debug|iOS.ActiveCfg = Debug|Any CPU
		{2E6AFD00-26DE-4CF4-8C66-563A4AAF703B}.Debug|Mixed Platforms.ActiveCfg = Debug|Any CPU
		{2E6AFD00-26DE-4CF4-8C66-563A4AAF703B}.Debug|Mixed Platforms.Build.0 = Debug|Any CPU
		{2E6AFD00-26DE-4CF4-8C66-563A4AAF703B}.Debug|Windows Phone (Universal).ActiveCfg = Debug|Any CPU
		{2E6AFD00-26DE-4CF4-8C66-563A4AAF703B}.Debug|Windows Phone 8.ActiveCfg = Debug|Any CPU
		{2E6AFD00-26DE-4CF4-8C66-563A4AAF703B}.Debug|Windows-AnyCPU.ActiveCfg = Debug|Any CPU
		{2E6AFD00-26DE-4CF4-8C66-563A4AAF703B}.Debug|Windows-ARM.ActiveCfg = Debug|Any CPU
		{2E6AFD00-26DE-4CF4-8C66-563A4AAF703B}.Debug|Windows-x64.ActiveCfg = Debug|Any CPU
		{2E6AFD00-26DE-4CF4-8C66-563A4AAF703B}.Debug|Windows-x86.ActiveCfg = Debug|Any CPU
		{2E6AFD00-26DE-4CF4-8C66-563A4AAF703B}.Distribution|Android.ActiveCfg = Debug|Any CPU
		{2E6AFD00-26DE-4CF4-8C66-563A4AAF703B}.Distribution|Any CPU.ActiveCfg = Debug|Any CPU
		{2E6AFD00-26DE-4CF4-8C66-563A4AAF703B}.Distribution|Any CPU.Build.0 = Debug|Any CPU
		{2E6AFD00-26DE-4CF4-8C66-563A4AAF703B}.Distribution|iOS.ActiveCfg = Debug|Any CPU
		{2E6AFD00-26DE-4CF4-8C66-563A4AAF703B}.Distribution|Mixed Platforms.ActiveCfg = Debug|Any CPU
		{2E6AFD00-26DE-4CF4-8C66-563A4AAF703B}.Distribution|Mixed Platforms.Build.0 = Debug|Any CPU
		{2E6AFD00-26DE-4CF4-8C66-563A4AAF703B}.Distribution|Windows Phone (Universal).ActiveCfg = Debug|Any CPU
		{2E6AFD00-26DE-4CF4-8C66-563A4AAF703B}.Distribution|Windows Phone 8.ActiveCfg = Debug|Any CPU
		{2E6AFD00-26DE-4CF4-8C66-563A4AAF703B}.Distribution|Windows-AnyCPU.ActiveCfg = Debug|Any CPU
		{2E6AFD00-26DE-4CF4-8C66-563A4AAF703B}.Distribution|Windows-ARM.ActiveCfg = Debug|Any CPU
		{2E6AFD00-26DE-4CF4-8C66-563A4AAF703B}.Distribution|Windows-x64.ActiveCfg = Debug|Any CPU
		{2E6AFD00-26DE-4CF4-8C66-563A4AAF703B}.Distribution|Windows-x86.ActiveCfg = Debug|Any CPU
		{2E6AFD00-26DE-4CF4-8C66-563A4AAF703B}.Release|Android.ActiveCfg = Release|Any CPU
		{2E6AFD00-26DE-4CF4-8C66-563A4AAF703B}.Release|Any CPU.ActiveCfg = Release|Any CPU
		{2E6AFD00-26DE-4CF4-8C66-563A4AAF703B}.Release|Any CPU.Build.0 = Release|Any CPU
		{2E6AFD00-26DE-4CF4-8C66-563A4AAF703B}.Release|iOS.ActiveCfg = Release|Any CPU
		{2E6AFD00-26DE-4CF4-8C66-563A4AAF703B}.Release|Mixed Platforms.ActiveCfg = Release|Any CPU
		{2E6AFD00-26DE-4CF4-8C66-563A4AAF703B}.Release|Mixed Platforms.Build.0 = Release|Any CPU
		{2E6AFD00-26DE-4CF4-8C66-563A4AAF703B}.Release|Windows Phone (Universal).ActiveCfg = Release|Any CPU
		{2E6AFD00-26DE-4CF4-8C66-563A4AAF703B}.Release|Windows Phone 8.ActiveCfg = Release|Any CPU
		{2E6AFD00-26DE-4CF4-8C66-563A4AAF703B}.Release|Windows-AnyCPU.ActiveCfg = Release|Any CPU
		{2E6AFD00-26DE-4CF4-8C66-563A4AAF703B}.Release|Windows-ARM.ActiveCfg = Release|Any CPU
		{2E6AFD00-26DE-4CF4-8C66-563A4AAF703B}.Release|Windows-x64.ActiveCfg = Release|Any CPU
		{2E6AFD00-26DE-4CF4-8C66-563A4AAF703B}.Release|Windows-x86.ActiveCfg = Release|Any CPU
		{AB10FABE-EACC-475A-9299-796E28F59CBA}.Debug|Android.ActiveCfg = Debug|Any CPU
		{AB10FABE-EACC-475A-9299-796E28F59CBA}.Debug|Any CPU.ActiveCfg = Debug|Any CPU
		{AB10FABE-EACC-475A-9299-796E28F59CBA}.Debug|Any CPU.Build.0 = Debug|Any CPU
		{AB10FABE-EACC-475A-9299-796E28F59CBA}.Debug|iOS.ActiveCfg = Debug|Any CPU
		{AB10FABE-EACC-475A-9299-796E28F59CBA}.Debug|Mixed Platforms.ActiveCfg = Debug|Any CPU
		{AB10FABE-EACC-475A-9299-796E28F59CBA}.Debug|Mixed Platforms.Build.0 = Debug|Any CPU
		{AB10FABE-EACC-475A-9299-796E28F59CBA}.Debug|Windows Phone (Universal).ActiveCfg = Debug|Any CPU
		{AB10FABE-EACC-475A-9299-796E28F59CBA}.Debug|Windows Phone 8.ActiveCfg = Debug|Any CPU
		{AB10FABE-EACC-475A-9299-796E28F59CBA}.Debug|Windows-AnyCPU.ActiveCfg = Debug|Any CPU
		{AB10FABE-EACC-475A-9299-796E28F59CBA}.Debug|Windows-ARM.ActiveCfg = Debug|Any CPU
		{AB10FABE-EACC-475A-9299-796E28F59CBA}.Debug|Windows-x64.ActiveCfg = Debug|Any CPU
		{AB10FABE-EACC-475A-9299-796E28F59CBA}.Debug|Windows-x86.ActiveCfg = Debug|Any CPU
		{AB10FABE-EACC-475A-9299-796E28F59CBA}.Distribution|Android.ActiveCfg = Debug|Any CPU
		{AB10FABE-EACC-475A-9299-796E28F59CBA}.Distribution|Any CPU.ActiveCfg = Debug|Any CPU
		{AB10FABE-EACC-475A-9299-796E28F59CBA}.Distribution|Any CPU.Build.0 = Debug|Any CPU
		{AB10FABE-EACC-475A-9299-796E28F59CBA}.Distribution|iOS.ActiveCfg = Debug|Any CPU
		{AB10FABE-EACC-475A-9299-796E28F59CBA}.Distribution|Mixed Platforms.ActiveCfg = Debug|Any CPU
		{AB10FABE-EACC-475A-9299-796E28F59CBA}.Distribution|Mixed Platforms.Build.0 = Debug|Any CPU
		{AB10FABE-EACC-475A-9299-796E28F59CBA}.Distribution|Windows Phone (Universal).ActiveCfg = Debug|Any CPU
		{AB10FABE-EACC-475A-9299-796E28F59CBA}.Distribution|Windows Phone 8.ActiveCfg = Debug|Any CPU
		{AB10FABE-EACC-475A-9299-796E28F59CBA}.Distribution|Windows-AnyCPU.ActiveCfg = Debug|Any CPU
		{AB10FABE-EACC-475A-9299-796E28F59CBA}.Distribution|Windows-ARM.ActiveCfg = Debug|Any CPU
		{AB10FABE-EACC-475A-9299-796E28F59CBA}.Distribution|Windows-x64.ActiveCfg = Debug|Any CPU
		{AB10FABE-EACC-475A-9299-796E28F59CBA}.Distribution|Windows-x86.ActiveCfg = Debug|Any CPU
		{AB10FABE-EACC-475A-9299-796E28F59CBA}.Release|Android.ActiveCfg = Release|Any CPU
		{AB10FABE-EACC-475A-9299-796E28F59CBA}.Release|Any CPU.ActiveCfg = Release|Any CPU
		{AB10FABE-EACC-475A-9299-796E28F59CBA}.Release|Any CPU.Build.0 = Release|Any CPU
		{AB10FABE-EACC-475A-9299-796E28F59CBA}.Release|iOS.ActiveCfg = Release|Any CPU
		{AB10FABE-EACC-475A-9299-796E28F59CBA}.Release|Mixed Platforms.ActiveCfg = Release|Any CPU
		{AB10FABE-EACC-475A-9299-796E28F59CBA}.Release|Mixed Platforms.Build.0 = Release|Any CPU
		{AB10FABE-EACC-475A-9299-796E28F59CBA}.Release|Windows Phone (Universal).ActiveCfg = Release|Any CPU
		{AB10FABE-EACC-475A-9299-796E28F59CBA}.Release|Windows Phone 8.ActiveCfg = Release|Any CPU
		{AB10FABE-EACC-475A-9299-796E28F59CBA}.Release|Windows-AnyCPU.ActiveCfg = Release|Any CPU
		{AB10FABE-EACC-475A-9299-796E28F59CBA}.Release|Windows-ARM.ActiveCfg = Release|Any CPU
		{AB10FABE-EACC-475A-9299-796E28F59CBA}.Release|Windows-x64.ActiveCfg = Release|Any CPU
		{AB10FABE-EACC-475A-9299-796E28F59CBA}.Release|Windows-x86.ActiveCfg = Release|Any CPU
		{966E934B-92FF-4D83-A73F-2D05651C9CFC}.Debug|Android.ActiveCfg = Debug|Any CPU
		{966E934B-92FF-4D83-A73F-2D05651C9CFC}.Debug|Any CPU.ActiveCfg = Debug|Any CPU
		{966E934B-92FF-4D83-A73F-2D05651C9CFC}.Debug|Any CPU.Build.0 = Debug|Any CPU
		{966E934B-92FF-4D83-A73F-2D05651C9CFC}.Debug|iOS.ActiveCfg = Debug|Any CPU
		{966E934B-92FF-4D83-A73F-2D05651C9CFC}.Debug|Mixed Platforms.ActiveCfg = Debug|Any CPU
		{966E934B-92FF-4D83-A73F-2D05651C9CFC}.Debug|Mixed Platforms.Build.0 = Debug|Any CPU
		{966E934B-92FF-4D83-A73F-2D05651C9CFC}.Debug|Windows Phone (Universal).ActiveCfg = Debug|Any CPU
		{966E934B-92FF-4D83-A73F-2D05651C9CFC}.Debug|Windows Phone 8.ActiveCfg = Debug|Any CPU
		{966E934B-92FF-4D83-A73F-2D05651C9CFC}.Debug|Windows-AnyCPU.ActiveCfg = Debug|Any CPU
		{966E934B-92FF-4D83-A73F-2D05651C9CFC}.Debug|Windows-ARM.ActiveCfg = Debug|Any CPU
		{966E934B-92FF-4D83-A73F-2D05651C9CFC}.Debug|Windows-x64.ActiveCfg = Debug|Any CPU
		{966E934B-92FF-4D83-A73F-2D05651C9CFC}.Debug|Windows-x86.ActiveCfg = Debug|Any CPU
		{966E934B-92FF-4D83-A73F-2D05651C9CFC}.Distribution|Android.ActiveCfg = Debug|Any CPU
		{966E934B-92FF-4D83-A73F-2D05651C9CFC}.Distribution|Any CPU.ActiveCfg = Debug|Any CPU
		{966E934B-92FF-4D83-A73F-2D05651C9CFC}.Distribution|Any CPU.Build.0 = Debug|Any CPU
		{966E934B-92FF-4D83-A73F-2D05651C9CFC}.Distribution|iOS.ActiveCfg = Debug|Any CPU
		{966E934B-92FF-4D83-A73F-2D05651C9CFC}.Distribution|Mixed Platforms.ActiveCfg = Debug|Any CPU
		{966E934B-92FF-4D83-A73F-2D05651C9CFC}.Distribution|Mixed Platforms.Build.0 = Debug|Any CPU
		{966E934B-92FF-4D83-A73F-2D05651C9CFC}.Distribution|Windows Phone (Universal).ActiveCfg = Debug|Any CPU
		{966E934B-92FF-4D83-A73F-2D05651C9CFC}.Distribution|Windows Phone 8.ActiveCfg = Debug|Any CPU
		{966E934B-92FF-4D83-A73F-2D05651C9CFC}.Distribution|Windows-AnyCPU.ActiveCfg = Debug|Any CPU
		{966E934B-92FF-4D83-A73F-2D05651C9CFC}.Distribution|Windows-ARM.ActiveCfg = Debug|Any CPU
		{966E934B-92FF-4D83-A73F-2D05651C9CFC}.Distribution|Windows-x64.ActiveCfg = Debug|Any CPU
		{966E934B-92FF-4D83-A73F-2D05651C9CFC}.Distribution|Windows-x86.ActiveCfg = Debug|Any CPU
		{966E934B-92FF-4D83-A73F-2D05651C9CFC}.Release|Android.ActiveCfg = Release|Any CPU
		{966E934B-92FF-4D83-A73F-2D05651C9CFC}.Release|Any CPU.ActiveCfg = Release|Any CPU
		{966E934B-92FF-4D83-A73F-2D05651C9CFC}.Release|Any CPU.Build.0 = Release|Any CPU
		{966E934B-92FF-4D83-A73F-2D05651C9CFC}.Release|iOS.ActiveCfg = Release|Any CPU
		{966E934B-92FF-4D83-A73F-2D05651C9CFC}.Release|Mixed Platforms.ActiveCfg = Release|Any CPU
		{966E934B-92FF-4D83-A73F-2D05651C9CFC}.Release|Mixed Platforms.Build.0 = Release|Any CPU
		{966E934B-92FF-4D83-A73F-2D05651C9CFC}.Release|Windows Phone (Universal).ActiveCfg = Release|Any CPU
		{966E934B-92FF-4D83-A73F-2D05651C9CFC}.Release|Windows Phone 8.ActiveCfg = Release|Any CPU
		{966E934B-92FF-4D83-A73F-2D05651C9CFC}.Release|Windows-AnyCPU.ActiveCfg = Release|Any CPU
		{966E934B-92FF-4D83-A73F-2D05651C9CFC}.Release|Windows-ARM.ActiveCfg = Release|Any CPU
		{966E934B-92FF-4D83-A73F-2D05651C9CFC}.Release|Windows-x64.ActiveCfg = Release|Any CPU
		{966E934B-92FF-4D83-A73F-2D05651C9CFC}.Release|Windows-x86.ActiveCfg = Release|Any CPU
		{59B80765-A039-43A3-8ED2-305B0DECD09C}.Debug|Android.ActiveCfg = Debug|Any CPU
		{59B80765-A039-43A3-8ED2-305B0DECD09C}.Debug|Any CPU.ActiveCfg = Debug|Any CPU
		{59B80765-A039-43A3-8ED2-305B0DECD09C}.Debug|Any CPU.Build.0 = Debug|Any CPU
		{59B80765-A039-43A3-8ED2-305B0DECD09C}.Debug|iOS.ActiveCfg = Debug|Any CPU
		{59B80765-A039-43A3-8ED2-305B0DECD09C}.Debug|Mixed Platforms.ActiveCfg = Debug|Any CPU
		{59B80765-A039-43A3-8ED2-305B0DECD09C}.Debug|Mixed Platforms.Build.0 = Debug|Any CPU
		{59B80765-A039-43A3-8ED2-305B0DECD09C}.Debug|Windows Phone (Universal).ActiveCfg = Debug|Any CPU
		{59B80765-A039-43A3-8ED2-305B0DECD09C}.Debug|Windows Phone 8.ActiveCfg = Debug|Any CPU
		{59B80765-A039-43A3-8ED2-305B0DECD09C}.Debug|Windows-AnyCPU.ActiveCfg = Debug|Any CPU
		{59B80765-A039-43A3-8ED2-305B0DECD09C}.Debug|Windows-ARM.ActiveCfg = Debug|Any CPU
		{59B80765-A039-43A3-8ED2-305B0DECD09C}.Debug|Windows-x64.ActiveCfg = Debug|Any CPU
		{59B80765-A039-43A3-8ED2-305B0DECD09C}.Debug|Windows-x86.ActiveCfg = Debug|Any CPU
		{59B80765-A039-43A3-8ED2-305B0DECD09C}.Distribution|Android.ActiveCfg = Debug|Any CPU
		{59B80765-A039-43A3-8ED2-305B0DECD09C}.Distribution|Any CPU.ActiveCfg = Debug|Any CPU
		{59B80765-A039-43A3-8ED2-305B0DECD09C}.Distribution|Any CPU.Build.0 = Debug|Any CPU
		{59B80765-A039-43A3-8ED2-305B0DECD09C}.Distribution|iOS.ActiveCfg = Debug|Any CPU
		{59B80765-A039-43A3-8ED2-305B0DECD09C}.Distribution|Mixed Platforms.ActiveCfg = Debug|Any CPU
		{59B80765-A039-43A3-8ED2-305B0DECD09C}.Distribution|Mixed Platforms.Build.0 = Debug|Any CPU
		{59B80765-A039-43A3-8ED2-305B0DECD09C}.Distribution|Windows Phone (Universal).ActiveCfg = Debug|Any CPU
		{59B80765-A039-43A3-8ED2-305B0DECD09C}.Distribution|Windows Phone 8.ActiveCfg = Debug|Any CPU
		{59B80765-A039-43A3-8ED2-305B0DECD09C}.Distribution|Windows-AnyCPU.ActiveCfg = Debug|Any CPU
		{59B80765-A039-43A3-8ED2-305B0DECD09C}.Distribution|Windows-ARM.ActiveCfg = Debug|Any CPU
		{59B80765-A039-43A3-8ED2-305B0DECD09C}.Distribution|Windows-x64.ActiveCfg = Debug|Any CPU
		{59B80765-A039-43A3-8ED2-305B0DECD09C}.Distribution|Windows-x86.ActiveCfg = Debug|Any CPU
		{59B80765-A039-43A3-8ED2-305B0DECD09C}.Release|Android.ActiveCfg = Release|Any CPU
		{59B80765-A039-43A3-8ED2-305B0DECD09C}.Release|Any CPU.ActiveCfg = Release|Any CPU
		{59B80765-A039-43A3-8ED2-305B0DECD09C}.Release|Any CPU.Build.0 = Release|Any CPU
		{59B80765-A039-43A3-8ED2-305B0DECD09C}.Release|iOS.ActiveCfg = Release|Any CPU
		{59B80765-A039-43A3-8ED2-305B0DECD09C}.Release|Mixed Platforms.ActiveCfg = Release|Any CPU
		{59B80765-A039-43A3-8ED2-305B0DECD09C}.Release|Mixed Platforms.Build.0 = Release|Any CPU
		{59B80765-A039-43A3-8ED2-305B0DECD09C}.Release|Windows Phone (Universal).ActiveCfg = Release|Any CPU
		{59B80765-A039-43A3-8ED2-305B0DECD09C}.Release|Windows Phone 8.ActiveCfg = Release|Any CPU
		{59B80765-A039-43A3-8ED2-305B0DECD09C}.Release|Windows-AnyCPU.ActiveCfg = Release|Any CPU
		{59B80765-A039-43A3-8ED2-305B0DECD09C}.Release|Windows-ARM.ActiveCfg = Release|Any CPU
		{59B80765-A039-43A3-8ED2-305B0DECD09C}.Release|Windows-x64.ActiveCfg = Release|Any CPU
		{59B80765-A039-43A3-8ED2-305B0DECD09C}.Release|Windows-x86.ActiveCfg = Release|Any CPU
	EndGlobalSection
	GlobalSection(SolutionProperties) = preSolution
		HideSolutionNode = FALSE
	EndGlobalSection
EndGlobal
